{
	"name": "@rbxts/services",
	"version": "1.1.4",
	"lockfileVersion": 1,
	"requires": true,
	"dependencies": {
		"@rbxts/types": {
			"version": "1.0.460",
			"resolved": "https://registry.npmjs.org/@rbxts/types/-/types-1.0.460.tgz",
			"integrity": "sha512-c3TR1Ok/NYuZkauekd1BZBFI0b4+EkHOmHvXBDIVc4ZIK4lkO2KqM50rKiDhv5/o1BzRud/lYyUipgh/pNoPqw==",
			"dev": true
		}
	}
}
