{
	"name": "@rbxts/services",
	"version": "1.6.0",
	"lockfileVersion": 3,
	"requires": true,
	"packages": {
		"": {
			"name": "@rbxts/services",
			"version": "1.6.0",
			"license": "ISC",
			"devDependencies": {
				"@rbxts/compiler-types": "^3.0.0-types.0",
				"@rbxts/types": "^1.0.855"
			}
		},
		"node_modules/@rbxts/compiler-types": {
			"version": "3.0.0-types.0",
			"resolved": "https://registry.npmjs.org/@rbxts/compiler-types/-/compiler-types-3.0.0-types.0.tgz",
			"integrity": "sha512-VGOHJPoL7+56NTatMGqQj3K7xWuzEV+aP4QD5vZiHu+bcff3kiTmtoadaF6NkJrmwfFAvbsd4Dg764ZjWNceag==",
			"dev": true,
			"license": "MIT"
		},
		"node_modules/@rbxts/types": {
			"version": "1.0.906",
			"resolved": "https://registry.npmjs.org/@rbxts/types/-/types-1.0.906.tgz",
			"integrity": "sha512-WmuBYq/EqFXi687DnaKMQOpXorypR2Kq2JEsiWxz1OBKTg9Vvcy7w8y9UV5JPaJK+GgVp5rw0MjnxYffKHsldA==",
			"dev": true,
			"license": "MIT"
		}
	}
}
