{
	"name": "@rbxts/services",
	"version": "1.5.5",
	"lockfileVersion": 2,
	"requires": true,
	"packages": {
		"": {
			"name": "@rbxts/services",
			"version": "1.5.5",
			"license": "ISC",
			"devDependencies": {
				"@rbxts/compiler-types": "^3.0.0-types.0",
				"@rbxts/types": "^1.0.807"
			}
		},
		"node_modules/@rbxts/compiler-types": {
			"version": "3.0.0-types.0",
			"resolved": "https://registry.npmjs.org/@rbxts/compiler-types/-/compiler-types-3.0.0-types.0.tgz",
			"integrity": "sha512-VGOHJPoL7+56NTatMGqQj3K7xWuzEV+aP4QD5vZiHu+bcff3kiTmtoadaF6NkJrmwfFAvbsd4Dg764ZjWNceag==",
			"dev": true
		},
		"node_modules/@rbxts/types": {
			"version": "1.0.807",
			"resolved": "https://registry.npmjs.org/@rbxts/types/-/types-1.0.807.tgz",
			"integrity": "sha512-ccP1spigHvwZJxmq+5lhJG5XYygz2G/6q32KUPjCpo05NoJKq/1FWqxgh+ZI13OfphhFJVCDBbeaIs4OhsiXsQ==",
			"dev": true
		}
	},
	"dependencies": {
		"@rbxts/compiler-types": {
			"version": "3.0.0-types.0",
			"resolved": "https://registry.npmjs.org/@rbxts/compiler-types/-/compiler-types-3.0.0-types.0.tgz",
			"integrity": "sha512-VGOHJPoL7+56NTatMGqQj3K7xWuzEV+aP4QD5vZiHu+bcff3kiTmtoadaF6NkJrmwfFAvbsd4Dg764ZjWNceag==",
			"dev": true
		},
		"@rbxts/types": {
			"version": "1.0.807",
			"resolved": "https://registry.npmjs.org/@rbxts/types/-/types-1.0.807.tgz",
			"integrity": "sha512-ccP1spigHvwZJxmq+5lhJG5XYygz2G/6q32KUPjCpo05NoJKq/1FWqxgh+ZI13OfphhFJVCDBbeaIs4OhsiXsQ==",
			"dev": true
		}
	}
}
